
Microsoft Visual Studio Solution File, Format Version 12.00
# Visual Studio Version 17
VisualStudioVersion = 17.9.34728.123
MinimumVisualStudioVersion = 10.0.40219.1
Project("{8BC9CEB8-8B4A-11D0-8D11-00A0C91BC942}") = "Albion Online Potion Calculator", "Albion Online Potion Calculator\Albion Online Potion Calculator.vcxproj", "{FDCD58B0-ABB4-47D2-A53B-89D2AD46AD03}"
EndProject
Global
	GlobalSection(SolutionConfigurationPlatforms) = preSolution
		Debug|x64 = Debug|x64
		Debug|x86 = Debug|x86
		Release|x64 = Release|x64
		Release|x86 = Release|x86
	EndGlobalSection
	GlobalSection(ProjectConfigurationPlatforms) = postSolution
		{FDCD58B0-ABB4-47D2-A53B-89D2AD46AD03}.Debug|x64.ActiveCfg = Debug|x64
		{FDCD58B0-ABB4-47D2-A53B-89D2AD46AD03}.Debug|x64.Build.0 = Debug|x64
		{FDCD58B0-ABB4-47D2-A53B-89D2AD46AD03}.Debug|x86.ActiveCfg = Debug|Win32
		{FDCD58B0-ABB4-47D2-A53B-89D2AD46AD03}.Debug|x86.Build.0 = Debug|Win32
		{FDCD58B0-ABB4-47D2-A53B-89D2AD46AD03}.Release|x64.ActiveCfg = Release|x64
		{FDCD58B0-ABB4-47D2-A53B-89D2AD46AD03}.Release|x64.Build.0 = Release|x64
		{FDCD58B0-ABB4-47D2-A53B-89D2AD46AD03}.Release|x86.ActiveCfg = Release|Win32
		{FDCD58B0-ABB4-47D2-A53B-89D2AD46AD03}.Release|x86.Build.0 = Release|Win32
	EndGlobalSection
	GlobalSection(SolutionProperties) = preSolution
		HideSolutionNode = FALSE
	EndGlobalSection
	GlobalSection(ExtensibilityGlobals) = postSolution
		SolutionGuid = {0EA5A293-7148-4FC8-B0BD-25D850826DBE}
	EndGlobalSection
EndGlobal
